// !$*UTF8*$!
{
	archiveVersion = 1;
	classes = {
	};
	objectVersion = 56;
	objects = {

/* Begin PBXBuildFile section */
		671D42F82C387FDC00AB5FBC /* glitch.wav in Resources */ = {isa = PBXBuildFile; fileRef = 671D42F72C387FDC00AB5FBC /* glitch.wav */; };
		67C26BAE2BB1B4B1001D9538 /* rethought.wav in Resources */ = {isa = PBXBuildFile; fileRef = 67C26BAD2BB1B4B1001D9538 /* rethought.wav */; };
		67C26BB02BB1D28D001D9538 /* test1.wav in Resources */ = {isa = PBXBuildFile; fileRef = 67C26BAF2BB1D28D001D9538 /* test1.wav */; };
		67C26BB22BB1D348001D9538 /* whatison.wav in Resources */ = {isa = PBXBuildFile; fileRef = 67C26BB12BB1D348001D9538 /* whatison.wav */; };
		67D401692BAFA480003604ED /* VisualsApp.swift in Sources */ = {isa = PBXBuildFile; fileRef = 67D401682BAFA480003604ED /* VisualsApp.swift */; };
		67D4016B2BAFA480003604ED /* ContentView.swift in Sources */ = {isa = PBXBuildFile; fileRef = 67D4016A2BAFA480003604ED /* ContentView.swift */; };
		67D4016D2BAFA486003604ED /* Assets.xcassets in Resources */ = {isa = PBXBuildFile; fileRef = 67D4016C2BAFA486003604ED /* Assets.xcassets */; };
		67D401702BAFA486003604ED /* Preview Assets.xcassets in Resources */ = {isa = PBXBuildFile; fileRef = 67D4016F2BAFA486003604ED /* Preview Assets.xcassets */; };
		67D4017A2BAFA487003604ED /* VisualsTests.swift in Sources */ = {isa = PBXBuildFile; fileRef = 67D401792BAFA487003604ED /* VisualsTests.swift */; };
		67D401842BAFA487003604ED /* VisualsUITests.swift in Sources */ = {isa = PBXBuildFile; fileRef = 67D401832BAFA487003604ED /* VisualsUITests.swift */; };
		67D401862BAFA487003604ED /* VisualsUITestsLaunchTests.swift in Sources */ = {isa = PBXBuildFile; fileRef = 67D401852BAFA487003604ED /* VisualsUITestsLaunchTests.swift */; };
		67D401942BAFA4DF003604ED /* AudioKit in Frameworks */ = {isa = PBXBuildFile; productRef = 67D401932BAFA4DF003604ED /* AudioKit */; };
		67D401972BAFA503003604ED /* AudioKitUI in Frameworks */ = {isa = PBXBuildFile; productRef = 67D401962BAFA503003604ED /* AudioKitUI */; };
		67D4019A2BAFA526003604ED /* Tonic in Frameworks */ = {isa = PBXBuildFile; productRef = 67D401992BAFA526003604ED /* Tonic */; };
		67D4019D2BAFA594003604ED /* AudioKitEX in Frameworks */ = {isa = PBXBuildFile; productRef = 67D4019C2BAFA594003604ED /* AudioKitEX */; };
		67D4019F2BAFA5DE003604ED /* SoundManager.swift in Sources */ = {isa = PBXBuildFile; fileRef = 67D4019E2BAFA5DE003604ED /* SoundManager.swift */; };
		67D401A22BAFA856003604ED /* SoundpipeAudioKit in Frameworks */ = {isa = PBXBuildFile; productRef = 67D401A12BAFA856003604ED /* SoundpipeAudioKit */; };
		67D401A42BB05D30003604ED /* VisualNode.swift in Sources */ = {isa = PBXBuildFile; fileRef = 67D401A32BB05D2F003604ED /* VisualNode.swift */; };
/* End PBXBuildFile section */

/* Begin PBXContainerItemProxy section */
		67D401762BAFA487003604ED /* PBXContainerItemProxy */ = {
			isa = PBXContainerItemProxy;
			containerPortal = 67D4015D2BAFA480003604ED /* Project object */;
			proxyType = 1;
			remoteGlobalIDString = 67D401642BAFA480003604ED;
			remoteInfo = Visuals;
		};
		67D401802BAFA487003604ED /* PBXContainerItemProxy */ = {
			isa = PBXContainerItemProxy;
			containerPortal = 67D4015D2BAFA480003604ED /* Project object */;
			proxyType = 1;
			remoteGlobalIDString = 67D401642BAFA480003604ED;
			remoteInfo = Visuals;
		};
/* End PBXContainerItemProxy section */

/* Begin PBXFileReference section */
		671D42F72C387FDC00AB5FBC /* glitch.wav */ = {isa = PBXFileReference; lastKnownFileType = audio.wav; path = glitch.wav; sourceTree = "<group>"; };
		67C26BAD2BB1B4B1001D9538 /* rethought.wav */ = {isa = PBXFileReference; lastKnownFileType = audio.wav; path = rethought.wav; sourceTree = "<group>"; };
		67C26BAF2BB1D28D001D9538 /* test1.wav */ = {isa = PBXFileReference; lastKnownFileType = audio.wav; path = test1.wav; sourceTree = "<group>"; };
		67C26BB12BB1D348001D9538 /* whatison.wav */ = {isa = PBXFileReference; lastKnownFileType = audio.wav; path = whatison.wav; sourceTree = "<group>"; };
		67D401652BAFA480003604ED /* Visuals.app */ = {isa = PBXFileReference; explicitFileType = wrapper.application; includeInIndex = 0; path = Visuals.app; sourceTree = BUILT_PRODUCTS_DIR; };
		67D401682BAFA480003604ED /* VisualsApp.swift */ = {isa = PBXFileReference; lastKnownFileType = sourcecode.swift; path = VisualsApp.swift; sourceTree = "<group>"; };
		67D4016A2BAFA480003604ED /* ContentView.swift */ = {isa = PBXFileReference; lastKnownFileType = sourcecode.swift; path = ContentView.swift; sourceTree = "<group>"; };
		67D4016C2BAFA486003604ED /* Assets.xcassets */ = {isa = PBXFileReference; lastKnownFileType = folder.assetcatalog; path = Assets.xcassets; sourceTree = "<group>"; };
		67D4016F2BAFA486003604ED /* Preview Assets.xcassets */ = {isa = PBXFileReference; lastKnownFileType = folder.assetcatalog; path = "Preview Assets.xcassets"; sourceTree = "<group>"; };
		67D401752BAFA487003604ED /* VisualsTests.xctest */ = {isa = PBXFileReference; explicitFileType = wrapper.cfbundle; includeInIndex = 0; path = VisualsTests.xctest; sourceTree = BUILT_PRODUCTS_DIR; };
		67D401792BAFA487003604ED /* VisualsTests.swift */ = {isa = PBXFileReference; lastKnownFileType = sourcecode.swift; path = VisualsTests.swift; sourceTree = "<group>"; };
		67D4017F2BAFA487003604ED /* VisualsUITests.xctest */ = {isa = PBXFileReference; explicitFileType = wrapper.cfbundle; includeInIndex = 0; path = VisualsUITests.xctest; sourceTree = BUILT_PRODUCTS_DIR; };
		67D401832BAFA487003604ED /* VisualsUITests.swift */ = {isa = PBXFileReference; lastKnownFileType = sourcecode.swift; path = VisualsUITests.swift; sourceTree = "<group>"; };
		67D401852BAFA487003604ED /* VisualsUITestsLaunchTests.swift */ = {isa = PBXFileReference; lastKnownFileType = sourcecode.swift; path = VisualsUITestsLaunchTests.swift; sourceTree = "<group>"; };
		67D4019E2BAFA5DE003604ED /* SoundManager.swift */ = {isa = PBXFileReference; lastKnownFileType = sourcecode.swift; path = SoundManager.swift; sourceTree = "<group>"; };
		67D401A32BB05D2F003604ED /* VisualNode.swift */ = {isa = PBXFileReference; lastKnownFileType = sourcecode.swift; path = VisualNode.swift; sourceTree = "<group>"; };
/* End PBXFileReference section */

/* Begin PBXFrameworksBuildPhase section */
		67D401622BAFA480003604ED /* Frameworks */ = {
			isa = PBXFrameworksBuildPhase;
			buildActionMask = 2147483647;
			files = (
				67D4019A2BAFA526003604ED /* Tonic in Frameworks */,
				67D401A22BAFA856003604ED /* SoundpipeAudioKit in Frameworks */,
				67D4019D2BAFA594003604ED /* AudioKitEX in Frameworks */,
				67D401972BAFA503003604ED /* AudioKitUI in Frameworks */,
				67D401942BAFA4DF003604ED /* AudioKit in Frameworks */,
			);
			runOnlyForDeploymentPostprocessing = 0;
		};
		67D401722BAFA487003604ED /* Frameworks */ = {
			isa = PBXFrameworksBuildPhase;
			buildActionMask = 2147483647;
			files = (
			);
			runOnlyForDeploymentPostprocessing = 0;
		};
		67D4017C2BAFA487003604ED /* Frameworks */ = {
			isa = PBXFrameworksBuildPhase;
			buildActionMask = 2147483647;
			files = (
			);
			runOnlyForDeploymentPostprocessing = 0;
		};
/* End PBXFrameworksBuildPhase section */

/* Begin PBXGroup section */
		67D4015C2BAFA480003604ED = {
			isa = PBXGroup;
			children = (
				67D401672BAFA480003604ED /* Visuals */,
				67D401782BAFA487003604ED /* VisualsTests */,
				67D401822BAFA487003604ED /* VisualsUITests */,
				67D401662BAFA480003604ED /* Products */,
			);
			sourceTree = "<group>";
		};
		67D401662BAFA480003604ED /* Products */ = {
			isa = PBXGroup;
			children = (
				67D401652BAFA480003604ED /* Visuals.app */,
				67D401752BAFA487003604ED /* VisualsTests.xctest */,
				67D4017F2BAFA487003604ED /* VisualsUITests.xctest */,
			);
			name = Products;
			sourceTree = "<group>";
		};
		67D401672BAFA480003604ED /* Visuals */ = {
			isa = PBXGroup;
			children = (
				67C26BAD2BB1B4B1001D9538 /* rethought.wav */,
				67C26BAF2BB1D28D001D9538 /* test1.wav */,
				67C26BB12BB1D348001D9538 /* whatison.wav */,
				671D42F72C387FDC00AB5FBC /* glitch.wav */,
				67D401682BAFA480003604ED /* VisualsApp.swift */,
				67D4019E2BAFA5DE003604ED /* SoundManager.swift */,
				67D4016A2BAFA480003604ED /* ContentView.swift */,
				67D401A32BB05D2F003604ED /* VisualNode.swift */,
				67D4016C2BAFA486003604ED /* Assets.xcassets */,
				67D4016E2BAFA486003604ED /* Preview Content */,
			);
			path = Visuals;
			sourceTree = "<group>";
		};
		67D4016E2BAFA486003604ED /* Preview Content */ = {
			isa = PBXGroup;
			children = (
				67D4016F2BAFA486003604ED /* Preview Assets.xcassets */,
			);
			path = "Preview Content";
			sourceTree = "<group>";
		};
		67D401782BAFA487003604ED /* VisualsTests */ = {
			isa = PBXGroup;
			children = (
				67D401792BAFA487003604ED /* VisualsTests.swift */,
			);
			path = VisualsTests;
			sourceTree = "<group>";
		};
		67D401822BAFA487003604ED /* VisualsUITests */ = {
			isa = PBXGroup;
			children = (
				67D401832BAFA487003604ED /* VisualsUITests.swift */,
				67D401852BAFA487003604ED /* VisualsUITestsLaunchTests.swift */,
			);
			path = VisualsUITests;
			sourceTree = "<group>";
		};
/* End PBXGroup section */

/* Begin PBXNativeTarget section */
		67D401642BAFA480003604ED /* Visuals */ = {
			isa = PBXNativeTarget;
			buildConfigurationList = 67D401892BAFA487003604ED /* Build configuration list for PBXNativeTarget "Visuals" */;
			buildPhases = (
				67D401612BAFA480003604ED /* Sources */,
				67D401622BAFA480003604ED /* Frameworks */,
				67D401632BAFA480003604ED /* Resources */,
			);
			buildRules = (
			);
			dependencies = (
			);
			name = Visuals;
			packageProductDependencies = (
				67D401932BAFA4DF003604ED /* AudioKit */,
				67D401962BAFA503003604ED /* AudioKitUI */,
				67D401992BAFA526003604ED /* Tonic */,
				67D4019C2BAFA594003604ED /* AudioKitEX */,
				67D401A12BAFA856003604ED /* SoundpipeAudioKit */,
			);
			productName = Visuals;
			productReference = 67D401652BAFA480003604ED /* Visuals.app */;
			productType = "com.apple.product-type.application";
		};
		67D401742BAFA487003604ED /* VisualsTests */ = {
			isa = PBXNativeTarget;
			buildConfigurationList = 67D4018C2BAFA487003604ED /* Build configuration list for PBXNativeTarget "VisualsTests" */;
			buildPhases = (
				67D401712BAFA487003604ED /* Sources */,
				67D401722BAFA487003604ED /* Frameworks */,
				67D401732BAFA487003604ED /* Resources */,
			);
			buildRules = (
			);
			dependencies = (
				67D401772BAFA487003604ED /* PBXTargetDependency */,
			);
			name = VisualsTests;
			productName = VisualsTests;
			productReference = 67D401752BAFA487003604ED /* VisualsTests.xctest */;
			productType = "com.apple.product-type.bundle.unit-test";
		};
		67D4017E2BAFA487003604ED /* VisualsUITests */ = {
			isa = PBXNativeTarget;
			buildConfigurationList = 67D4018F2BAFA487003604ED /* Build configuration list for PBXNativeTarget "VisualsUITests" */;
			buildPhases = (
				67D4017B2BAFA487003604ED /* Sources */,
				67D4017C2BAFA487003604ED /* Frameworks */,
				67D4017D2BAFA487003604ED /* Resources */,
			);
			buildRules = (
			);
			dependencies = (
				67D401812BAFA487003604ED /* PBXTargetDependency */,
			);
			name = VisualsUITests;
			productName = VisualsUITests;
			productReference = 67D4017F2BAFA487003604ED /* VisualsUITests.xctest */;
			productType = "com.apple.product-type.bundle.ui-testing";
		};
/* End PBXNativeTarget section */

/* Begin PBXProject section */
		67D4015D2BAFA480003604ED /* Project object */ = {
			isa = PBXProject;
			attributes = {
				BuildIndependentTargetsInParallel = 1;
				LastSwiftUpdateCheck = 1520;
				LastUpgradeCheck = 1520;
				TargetAttributes = {
					67D401642BAFA480003604ED = {
						CreatedOnToolsVersion = 15.2;
					};
					67D401742BAFA487003604ED = {
						CreatedOnToolsVersion = 15.2;
						TestTargetID = 67D401642BAFA480003604ED;
					};
					67D4017E2BAFA487003604ED = {
						CreatedOnToolsVersion = 15.2;
						TestTargetID = 67D401642BAFA480003604ED;
					};
				};
			};
			buildConfigurationList = 67D401602BAFA480003604ED /* Build configuration list for PBXProject "Visuals" */;
			compatibilityVersion = "Xcode 14.0";
			developmentRegion = en;
			hasScannedForEncodings = 0;
			knownRegions = (
				en,
				Base,
			);
			mainGroup = 67D4015C2BAFA480003604ED;
			packageReferences = (
				67D401922BAFA4DE003604ED /* XCRemoteSwiftPackageReference "AudioKit" */,
				67D401952BAFA502003604ED /* XCRemoteSwiftPackageReference "AudioKitUI" */,
				67D401982BAFA525003604ED /* XCRemoteSwiftPackageReference "Tonic" */,
				67D4019B2BAFA594003604ED /* XCRemoteSwiftPackageReference "AudioKitEX" */,
				67D401A02BAFA856003604ED /* XCRemoteSwiftPackageReference "SoundpipeAudioKit" */,
			);
			productRefGroup = 67D401662BAFA480003604ED /* Products */;
			projectDirPath = "";
			projectRoot = "";
			targets = (
				67D401642BAFA480003604ED /* Visuals */,
				67D401742BAFA487003604ED /* VisualsTests */,
				67D4017E2BAFA487003604ED /* VisualsUITests */,
			);
		};
/* End PBXProject section */

/* Begin PBXResourcesBuildPhase section */
		67D401632BAFA480003604ED /* Resources */ = {
			isa = PBXResourcesBuildPhase;
			buildActionMask = 2147483647;
			files = (
				67C26BB22BB1D348001D9538 /* whatison.wav in Resources */,
				67C26BB02BB1D28D001D9538 /* test1.wav in Resources */,
				67D401702BAFA486003604ED /* Preview Assets.xcassets in Resources */,
				67C26BAE2BB1B4B1001D9538 /* rethought.wav in Resources */,
				671D42F82C387FDC00AB5FBC /* glitch.wav in Resources */,
				67D4016D2BAFA486003604ED /* Assets.xcassets in Resources */,
			);
			runOnlyForDeploymentPostprocessing = 0;
		};
		67D401732BAFA487003604ED /* Resources */ = {
			isa = PBXResourcesBuildPhase;
			buildActionMask = 2147483647;
			files = (
			);
			runOnlyForDeploymentPostprocessing = 0;
		};
		67D4017D2BAFA487003604ED /* Resources */ = {
			isa = PBXResourcesBuildPhase;
			buildActionMask = 2147483647;
			files = (
			);
			runOnlyForDeploymentPostprocessing = 0;
		};
/* End PBXResourcesBuildPhase section */

/* Begin PBXSourcesBuildPhase section */
		67D401612BAFA480003604ED /* Sources */ = {
			isa = PBXSourcesBuildPhase;
			buildActionMask = 2147483647;
			files = (
				67D4016B2BAFA480003604ED /* ContentView.swift in Sources */,
				67D401A42BB05D30003604ED /* VisualNode.swift in Sources */,
				67D401692BAFA480003604ED /* VisualsApp.swift in Sources */,
				67D4019F2BAFA5DE003604ED /* SoundManager.swift in Sources */,
			);
			runOnlyForDeploymentPostprocessing = 0;
		};
		67D401712BAFA487003604ED /* Sources */ = {
			isa = PBXSourcesBuildPhase;
			buildActionMask = 2147483647;
			files = (
				67D4017A2BAFA487003604ED /* VisualsTests.swift in Sources */,
			);
			runOnlyForDeploymentPostprocessing = 0;
		};
		67D4017B2BAFA487003604ED /* Sources */ = {
			isa = PBXSourcesBuildPhase;
			buildActionMask = 2147483647;
			files = (
				67D401862BAFA487003604ED /* VisualsUITestsLaunchTests.swift in Sources */,
				67D401842BAFA487003604ED /* VisualsUITests.swift in Sources */,
			);
			runOnlyForDeploymentPostprocessing = 0;
		};
/* End PBXSourcesBuildPhase section */

/* Begin PBXTargetDependency section */
		67D401772BAFA487003604ED /* PBXTargetDependency */ = {
			isa = PBXTargetDependency;
			target = 67D401642BAFA480003604ED /* Visuals */;
			targetProxy = 67D401762BAFA487003604ED /* PBXContainerItemProxy */;
		};
		67D401812BAFA487003604ED /* PBXTargetDependency */ = {
			isa = PBXTargetDependency;
			target = 67D401642BAFA480003604ED /* Visuals */;
			targetProxy = 67D401802BAFA487003604ED /* PBXContainerItemProxy */;
		};
/* End PBXTargetDependency section */

/* Begin XCBuildConfiguration section */
		67D401872BAFA487003604ED /* Debug */ = {
			isa = XCBuildConfiguration;
			buildSettings = {
				ALWAYS_SEARCH_USER_PATHS = NO;
				ASSETCATALOG_COMPILER_GENERATE_SWIFT_ASSET_SYMBOL_EXTENSIONS = YES;
				CLANG_ANALYZER_NONNULL = YES;
				CLANG_ANALYZER_NUMBER_OBJECT_CONVERSION = YES_AGGRESSIVE;
				CLANG_CXX_LANGUAGE_STANDARD = "gnu++20";
				CLANG_ENABLE_MODULES = YES;
				CLANG_ENABLE_OBJC_ARC = YES;
				CLANG_ENABLE_OBJC_WEAK = YES;
				CLANG_WARN_BLOCK_CAPTURE_AUTORELEASING = YES;
				CLANG_WARN_BOOL_CONVERSION = YES;
				CLANG_WARN_COMMA = YES;
				CLANG_WARN_CONSTANT_CONVERSION = YES;
				CLANG_WARN_DEPRECATED_OBJC_IMPLEMENTATIONS = YES;
				CLANG_WARN_DIRECT_OBJC_ISA_USAGE = YES_ERROR;
				CLANG_WARN_DOCUMENTATION_COMMENTS = YES;
				CLANG_WARN_EMPTY_BODY = YES;
				CLANG_WARN_ENUM_CONVERSION = YES;
				CLANG_WARN_INFINITE_RECURSION = YES;
				CLANG_WARN_INT_CONVERSION = YES;
				CLANG_WARN_NON_LITERAL_NULL_CONVERSION = YES;
				CLANG_WARN_OBJC_IMPLICIT_RETAIN_SELF = YES;
				CLANG_WARN_OBJC_LITERAL_CONVERSION = YES;
				CLANG_WARN_OBJC_ROOT_CLASS = YES_ERROR;
				CLANG_WARN_QUOTED_INCLUDE_IN_FRAMEWORK_HEADER = YES;
				CLANG_WARN_RANGE_LOOP_ANALYSIS = YES;
				CLANG_WARN_STRICT_PROTOTYPES = YES;
				CLANG_WARN_SUSPICIOUS_MOVE = YES;
				CLANG_WARN_UNGUARDED_AVAILABILITY = YES_AGGRESSIVE;
				CLANG_WARN_UNREACHABLE_CODE = YES;
				CLANG_WARN__DUPLICATE_METHOD_MATCH = YES;
				COPY_PHASE_STRIP = NO;
				DEBUG_INFORMATION_FORMAT = dwarf;
				ENABLE_STRICT_OBJC_MSGSEND = YES;
				ENABLE_TESTABILITY = YES;
				ENABLE_USER_SCRIPT_SANDBOXING = YES;
				GCC_C_LANGUAGE_STANDARD = gnu17;
				GCC_DYNAMIC_NO_PIC = NO;
				GCC_NO_COMMON_BLOCKS = YES;
				GCC_OPTIMIZATION_LEVEL = 0;
				GCC_PREPROCESSOR_DEFINITIONS = (
					"DEBUG=1",
					"$(inherited)",
				);
				GCC_WARN_64_TO_32_BIT_CONVERSION = YES;
				GCC_WARN_ABOUT_RETURN_TYPE = YES_ERROR;
				GCC_WARN_UNDECLARED_SELECTOR = YES;
				GCC_WARN_UNINITIALIZED_AUTOS = YES_AGGRESSIVE;
				GCC_WARN_UNUSED_FUNCTION = YES;
				GCC_WARN_UNUSED_VARIABLE = YES;
				IPHONEOS_DEPLOYMENT_TARGET = 17.2;
				LOCALIZATION_PREFERS_STRING_CATALOGS = YES;
				MTL_ENABLE_DEBUG_INFO = INCLUDE_SOURCE;
				MTL_FAST_MATH = YES;
				ONLY_ACTIVE_ARCH = YES;
				SDKROOT = iphoneos;
				SWIFT_ACTIVE_COMPILATION_CONDITIONS = "DEBUG $(inherited)";
				SWIFT_OPTIMIZATION_LEVEL = "-Onone";
			};
			name = Debug;
		};
		67D401882BAFA487003604ED /* Release */ = {
			isa = XCBuildConfiguration;
			buildSettings = {
				ALWAYS_SEARCH_USER_PATHS = NO;
				ASSETCATALOG_COMPILER_GENERATE_SWIFT_ASSET_SYMBOL_EXTENSIONS = YES;
				CLANG_ANALYZER_NONNULL = YES;
				CLANG_ANALYZER_NUMBER_OBJECT_CONVERSION = YES_AGGRESSIVE;
				CLANG_CXX_LANGUAGE_STANDARD = "gnu++20";
				CLANG_ENABLE_MODULES = YES;
				CLANG_ENABLE_OBJC_ARC = YES;
				CLANG_ENABLE_OBJC_WEAK = YES;
				CLANG_WARN_BLOCK_CAPTURE_AUTORELEASING = YES;
				CLANG_WARN_BOOL_CONVERSION = YES;
				CLANG_WARN_COMMA = YES;
				CLANG_WARN_CONSTANT_CONVERSION = YES;
				CLANG_WARN_DEPRECATED_OBJC_IMPLEMENTATIONS = YES;
				CLANG_WARN_DIRECT_OBJC_ISA_USAGE = YES_ERROR;
				CLANG_WARN_DOCUMENTATION_COMMENTS = YES;
				CLANG_WARN_EMPTY_BODY = YES;
				CLANG_WARN_ENUM_CONVERSION = YES;
				CLANG_WARN_INFINITE_RECURSION = YES;
				CLANG_WARN_INT_CONVERSION = YES;
				CLANG_WARN_NON_LITERAL_NULL_CONVERSION = YES;
				CLANG_WARN_OBJC_IMPLICIT_RETAIN_SELF = YES;
				CLANG_WARN_OBJC_LITERAL_CONVERSION = YES;
				CLANG_WARN_OBJC_ROOT_CLASS = YES_ERROR;
				CLANG_WARN_QUOTED_INCLUDE_IN_FRAMEWORK_HEADER = YES;
				CLANG_WARN_RANGE_LOOP_ANALYSIS = YES;
				CLANG_WARN_STRICT_PROTOTYPES = YES;
				CLANG_WARN_SUSPICIOUS_MOVE = YES;
				CLANG_WARN_UNGUARDED_AVAILABILITY = YES_AGGRESSIVE;
				CLANG_WARN_UNREACHABLE_CODE = YES;
				CLANG_WARN__DUPLICATE_METHOD_MATCH = YES;
				COPY_PHASE_STRIP = NO;
				DEBUG_INFORMATION_FORMAT = "dwarf-with-dsym";
				ENABLE_NS_ASSERTIONS = NO;
				ENABLE_STRICT_OBJC_MSGSEND = YES;
				ENABLE_USER_SCRIPT_SANDBOXING = YES;
				GCC_C_LANGUAGE_STANDARD = gnu17;
				GCC_NO_COMMON_BLOCKS = YES;
				GCC_WARN_64_TO_32_BIT_CONVERSION = YES;
				GCC_WARN_ABOUT_RETURN_TYPE = YES_ERROR;
				GCC_WARN_UNDECLARED_SELECTOR = YES;
				GCC_WARN_UNINITIALIZED_AUTOS = YES_AGGRESSIVE;
				GCC_WARN_UNUSED_FUNCTION = YES;
				GCC_WARN_UNUSED_VARIABLE = YES;
				IPHONEOS_DEPLOYMENT_TARGET = 17.2;
				LOCALIZATION_PREFERS_STRING_CATALOGS = YES;
				MTL_ENABLE_DEBUG_INFO = NO;
				MTL_FAST_MATH = YES;
				SDKROOT = iphoneos;
				SWIFT_COMPILATION_MODE = wholemodule;
				VALIDATE_PRODUCT = YES;
			};
			name = Release;
		};
		67D4018A2BAFA487003604ED /* Debug */ = {
			isa = XCBuildConfiguration;
			buildSettings = {
				ASSETCATALOG_COMPILER_APPICON_NAME = AppIcon;
				ASSETCATALOG_COMPILER_GLOBAL_ACCENT_COLOR_NAME = AccentColor;
				CODE_SIGN_STYLE = Automatic;
				CURRENT_PROJECT_VERSION = 1;
				DEVELOPMENT_ASSET_PATHS = "\"Visuals/Preview Content\"";
				DEVELOPMENT_TEAM = Y855W4BGWR;
				ENABLE_PREVIEWS = YES;
				GENERATE_INFOPLIST_FILE = YES;
				INFOPLIST_KEY_UIApplicationSceneManifest_Generation = YES;
				INFOPLIST_KEY_UIApplicationSupportsIndirectInputEvents = YES;
				INFOPLIST_KEY_UILaunchScreen_Generation = YES;
				INFOPLIST_KEY_UISupportedInterfaceOrientations_iPad = "UIInterfaceOrientationPortrait UIInterfaceOrientationPortraitUpsideDown UIInterfaceOrientationLandscapeLeft UIInterfaceOrientationLandscapeRight";
				INFOPLIST_KEY_UISupportedInterfaceOrientations_iPhone = "UIInterfaceOrientationPortrait UIInterfaceOrientationLandscapeLeft UIInterfaceOrientationLandscapeRight";
				LD_RUNPATH_SEARCH_PATHS = (
					"$(inherited)",
					"@executable_path/Frameworks",
				);
				MARKETING_VERSION = 1.0;
				PRODUCT_BUNDLE_IDENTIFIER = exxtra.Visuals;
				PRODUCT_NAME = "$(TARGET_NAME)";
				SWIFT_EMIT_LOC_STRINGS = YES;
				SWIFT_VERSION = 5.0;
				TARGETED_DEVICE_FAMILY = "1,2";
			};
			name = Debug;
		};
		67D4018B2BAFA487003604ED /* Release */ = {
			isa = XCBuildConfiguration;
			buildSettings = {
				ASSETCATALOG_COMPILER_APPICON_NAME = AppIcon;
				ASSETCATALOG_COMPILER_GLOBAL_ACCENT_COLOR_NAME = AccentColor;
				CODE_SIGN_STYLE = Automatic;
				CURRENT_PROJECT_VERSION = 1;
				DEVELOPMENT_ASSET_PATHS = "\"Visuals/Preview Content\"";
				DEVELOPMENT_TEAM = Y855W4BGWR;
				ENABLE_PREVIEWS = YES;
				GENERATE_INFOPLIST_FILE = YES;
				INFOPLIST_KEY_UIApplicationSceneManifest_Generation = YES;
				INFOPLIST_KEY_UIApplicationSupportsIndirectInputEvents = YES;
				INFOPLIST_KEY_UILaunchScreen_Generation = YES;
				INFOPLIST_KEY_UISupportedInterfaceOrientations_iPad = "UIInterfaceOrientationPortrait UIInterfaceOrientationPortraitUpsideDown UIInterfaceOrientationLandscapeLeft UIInterfaceOrientationLandscapeRight";
				INFOPLIST_KEY_UISupportedInterfaceOrientations_iPhone = "UIInterfaceOrientationPortrait UIInterfaceOrientationLandscapeLeft UIInterfaceOrientationLandscapeRight";
				LD_RUNPATH_SEARCH_PATHS = (
					"$(inherited)",
					"@executable_path/Frameworks",
				);
				MARKETING_VERSION = 1.0;
				PRODUCT_BUNDLE_IDENTIFIER = exxtra.Visuals;
				PRODUCT_NAME = "$(TARGET_NAME)";
				SWIFT_EMIT_LOC_STRINGS = YES;
				SWIFT_VERSION = 5.0;
				TARGETED_DEVICE_FAMILY = "1,2";
			};
			name = Release;
		};
		67D4018D2BAFA487003604ED /* Debug */ = {
			isa = XCBuildConfiguration;
			buildSettings = {
				ALWAYS_EMBED_SWIFT_STANDARD_LIBRARIES = YES;
				BUNDLE_LOADER = "$(TEST_HOST)";
				CODE_SIGN_STYLE = Automatic;
				CURRENT_PROJECT_VERSION = 1;
				DEVELOPMENT_TEAM = Y855W4BGWR;
				GENERATE_INFOPLIST_FILE = YES;
				IPHONEOS_DEPLOYMENT_TARGET = 17.2;
				MARKETING_VERSION = 1.0;
				PRODUCT_BUNDLE_IDENTIFIER = exxtra.VisualsTests;
				PRODUCT_NAME = "$(TARGET_NAME)";
				SWIFT_EMIT_LOC_STRINGS = NO;
				SWIFT_VERSION = 5.0;
				TARGETED_DEVICE_FAMILY = "1,2";
				TEST_HOST = "$(BUILT_PRODUCTS_DIR)/Visuals.app/$(BUNDLE_EXECUTABLE_FOLDER_PATH)/Visuals";
			};
			name = Debug;
		};
		67D4018E2BAFA487003604ED /* Release */ = {
			isa = XCBuildConfiguration;
			buildSettings = {
				ALWAYS_EMBED_SWIFT_STANDARD_LIBRARIES = YES;
				BUNDLE_LOADER = "$(TEST_HOST)";
				CODE_SIGN_STYLE = Automatic;
				CURRENT_PROJECT_VERSION = 1;
				DEVELOPMENT_TEAM = Y855W4BGWR;
				GENERATE_INFOPLIST_FILE = YES;
				IPHONEOS_DEPLOYMENT_TARGET = 17.2;
				MARKETING_VERSION = 1.0;
				PRODUCT_BUNDLE_IDENTIFIER = exxtra.VisualsTests;
				PRODUCT_NAME = "$(TARGET_NAME)";
				SWIFT_EMIT_LOC_STRINGS = NO;
				SWIFT_VERSION = 5.0;
				TARGETED_DEVICE_FAMILY = "1,2";
				TEST_HOST = "$(BUILT_PRODUCTS_DIR)/Visuals.app/$(BUNDLE_EXECUTABLE_FOLDER_PATH)/Visuals";
			};
			name = Release;
		};
		67D401902BAFA487003604ED /* Debug */ = {
			isa = XCBuildConfiguration;
			buildSettings = {
				ALWAYS_EMBED_SWIFT_STANDARD_LIBRARIES = YES;
				CODE_SIGN_STYLE = Automatic;
				CURRENT_PROJECT_VERSION = 1;
				DEVELOPMENT_TEAM = Y855W4BGWR;
				GENERATE_INFOPLIST_FILE = YES;
				MARKETING_VERSION = 1.0;
				PRODUCT_BUNDLE_IDENTIFIER = exxtra.VisualsUITests;
				PRODUCT_NAME = "$(TARGET_NAME)";
				SWIFT_EMIT_LOC_STRINGS = NO;
				SWIFT_VERSION = 5.0;
				TARGETED_DEVICE_FAMILY = "1,2";
				TEST_TARGET_NAME = Visuals;
			};
			name = Debug;
		};
		67D401912BAFA487003604ED /* Release */ = {
			isa = XCBuildConfiguration;
			buildSettings = {
				ALWAYS_EMBED_SWIFT_STANDARD_LIBRARIES = YES;
				CODE_SIGN_STYLE = Automatic;
				CURRENT_PROJECT_VERSION = 1;
				DEVELOPMENT_TEAM = Y855W4BGWR;
				GENERATE_INFOPLIST_FILE = YES;
				MARKETING_VERSION = 1.0;
				PRODUCT_BUNDLE_IDENTIFIER = exxtra.VisualsUITests;
				PRODUCT_NAME = "$(TARGET_NAME)";
				SWIFT_EMIT_LOC_STRINGS = NO;
				SWIFT_VERSION = 5.0;
				TARGETED_DEVICE_FAMILY = "1,2";
				TEST_TARGET_NAME = Visuals;
			};
			name = Release;
		};
/* End XCBuildConfiguration section */

/* Begin XCConfigurationList section */
		67D401602BAFA480003604ED /* Build configuration list for PBXProject "Visuals" */ = {
			isa = XCConfigurationList;
			buildConfigurations = (
				67D401872BAFA487003604ED /* Debug */,
				67D401882BAFA487003604ED /* Release */,
			);
			defaultConfigurationIsVisible = 0;
			defaultConfigurationName = Release;
		};
		67D401892BAFA487003604ED /* Build configuration list for PBXNativeTarget "Visuals" */ = {
			isa = XCConfigurationList;
			buildConfigurations = (
				67D4018A2BAFA487003604ED /* Debug */,
				67D4018B2BAFA487003604ED /* Release */,
			);
			defaultConfigurationIsVisible = 0;
			defaultConfigurationName = Release;
		};
		67D4018C2BAFA487003604ED /* Build configuration list for PBXNativeTarget "VisualsTests" */ = {
			isa = XCConfigurationList;
			buildConfigurations = (
				67D4018D2BAFA487003604ED /* Debug */,
				67D4018E2BAFA487003604ED /* Release */,
			);
			defaultConfigurationIsVisible = 0;
			defaultConfigurationName = Release;
		};
		67D4018F2BAFA487003604ED /* Build configuration list for PBXNativeTarget "VisualsUITests" */ = {
			isa = XCConfigurationList;
			buildConfigurations = (
				67D401902BAFA487003604ED /* Debug */,
				67D401912BAFA487003604ED /* Release */,
			);
			defaultConfigurationIsVisible = 0;
			defaultConfigurationName = Release;
		};
/* End XCConfigurationList section */

/* Begin XCRemoteSwiftPackageReference section */
		67D401922BAFA4DE003604ED /* XCRemoteSwiftPackageReference "AudioKit" */ = {
			isa = XCRemoteSwiftPackageReference;
			repositoryURL = "https://github.com/AudioKit/AudioKit.git";
			requirement = {
				kind = upToNextMajorVersion;
				minimumVersion = 5.6.3;
			};
		};
		67D401952BAFA502003604ED /* XCRemoteSwiftPackageReference "AudioKitUI" */ = {
			isa = XCRemoteSwiftPackageReference;
			repositoryURL = "https://github.com/AudioKit/AudioKitUI.git";
			requirement = {
				kind = upToNextMajorVersion;
				minimumVersion = 0.3.7;
			};
		};
		67D401982BAFA525003604ED /* XCRemoteSwiftPackageReference "Tonic" */ = {
			isa = XCRemoteSwiftPackageReference;
			repositoryURL = "https://github.com/AudioKit/Tonic.git";
			requirement = {
				kind = upToNextMajorVersion;
				minimumVersion = 1.3.2;
			};
		};
		67D4019B2BAFA594003604ED /* XCRemoteSwiftPackageReference "AudioKitEX" */ = {
			isa = XCRemoteSwiftPackageReference;
			repositoryURL = "https://github.com/AudioKit/AudioKitEX.git";
			requirement = {
				kind = upToNextMajorVersion;
				minimumVersion = 5.6.0;
			};
		};
		67D401A02BAFA856003604ED /* XCRemoteSwiftPackageReference "SoundpipeAudioKit" */ = {
			isa = XCRemoteSwiftPackageReference;
			repositoryURL = "https://github.com/AudioKit/SoundpipeAudioKit.git";
			requirement = {
				kind = upToNextMajorVersion;
				minimumVersion = 5.6.1;
			};
		};
/* End XCRemoteSwiftPackageReference section */

/* Begin XCSwiftPackageProductDependency section */
		67D401932BAFA4DF003604ED /* AudioKit */ = {
			isa = XCSwiftPackageProductDependency;
			package = 67D401922BAFA4DE003604ED /* XCRemoteSwiftPackageReference "AudioKit" */;
			productName = AudioKit;
		};
		67D401962BAFA503003604ED /* AudioKitUI */ = {
			isa = XCSwiftPackageProductDependency;
			package = 67D401952BAFA502003604ED /* XCRemoteSwiftPackageReference "AudioKitUI" */;
			productName = AudioKitUI;
		};
		67D401992BAFA526003604ED /* Tonic */ = {
			isa = XCSwiftPackageProductDependency;
			package = 67D401982BAFA525003604ED /* XCRemoteSwiftPackageReference "Tonic" */;
			productName = Tonic;
		};
		67D4019C2BAFA594003604ED /* AudioKitEX */ = {
			isa = XCSwiftPackageProductDependency;
			package = 67D4019B2BAFA594003604ED /* XCRemoteSwiftPackageReference "AudioKitEX" */;
			productName = AudioKitEX;
		};
		67D401A12BAFA856003604ED /* SoundpipeAudioKit */ = {
			isa = XCSwiftPackageProductDependency;
			package = 67D401A02BAFA856003604ED /* XCRemoteSwiftPackageReference "SoundpipeAudioKit" */;
			productName = SoundpipeAudioKit;
		};
/* End XCSwiftPackageProductDependency section */
	};
	rootObject = 67D4015D2BAFA480003604ED /* Project object */;
}
